
Microsoft Visual Studio Solution File, Format Version 12.00
# Visual Studio Version 16
VisualStudioVersion = 16.0.30711.63
MinimumVisualStudioVersion = 10.0.40219.1
Project("{9A19103F-16F7-4668-BE54-9A1E7A4F7556}") = "HomeMQ.ConsoleApp", "HomeMQ\HomeMQ.ConsoleApp.csproj", "{3E4AC0B8-2E07-45F9-ABFB-44ACBB09BAB1}"
EndProject
Project("{9A19103F-16F7-4668-BE54-9A1E7A4F7556}") = "HomeMQ.Core", "HomeMQ.Core\HomeMQ.Core.csproj", "{F1143867-04D7-4F34-986A-0FEEB37B30B4}"
EndProject
Project("{9A19103F-16F7-4668-BE54-9A1E7A4F7556}") = "NanoLeafControlStandard", "..\ButlerAndroid\NanoLeafControlStandard\NanoLeafControlStandard.csproj", "{5FB54032-2AF7-48CA-96AB-04E90AEDBB20}"
EndProject
Project("{9A19103F-16F7-4668-BE54-9A1E7A4F7556}") = "HomeMQ.Managers", "HomeMQ.Managers\HomeMQ.Managers.csproj", "{8D7D81C1-67DC-4D53-8972-4FF8E0C4AB1B}"
EndProject
Project("{9A19103F-16F7-4668-BE54-9A1E7A4F7556}") = "HomeMQ.DesktopApp", "HomeMQ.DesktopApp\HomeMQ.DesktopApp.csproj", "{5733DFDC-86EB-404C-BCBF-D26E9227616C}"
EndProject
Project("{9A19103F-16F7-4668-BE54-9A1E7A4F7556}") = "BaseClasses", "..\SharedProjects\Standard\BaseClasses\BaseClasses.csproj", "{15D6B330-0923-46FE-BD7F-8A06B3722595}"
EndProject
Project("{9A19103F-16F7-4668-BE54-9A1E7A4F7556}") = "HomeMQ.Models", "HomeMQ.Models\HomeMQ.Models.csproj", "{B31FF868-4314-4130-809B-1DEBB18CE5EB}"
EndProject
Project("{9A19103F-16F7-4668-BE54-9A1E7A4F7556}") = "HomeMQ.WebApp", "HomeMQ.WebApp\HomeMQ.WebApp.csproj", "{AC9D750A-8FC7-4CD1-BAF5-B0024C45D3C5}"
EndProject
Project("{9A19103F-16F7-4668-BE54-9A1E7A4F7556}") = "HomeMQ.SecondWebApp", "HomeMQ.SecondWebApp\HomeMQ.SecondWebApp.csproj", "{FC57E498-E831-460C-9501-4736D04F9D76}"
EndProject
Project("{9A19103F-16F7-4668-BE54-9A1E7A4F7556}") = "HomeMQ.RabbitMQ.PublisherTest", "HomeMQ.RabbitMQ.Publisher\HomeMQ.RabbitMQ.PublisherTest.csproj", "{9ECABBB2-9575-4898-B85C-AFADF787CE9C}"
EndProject
Project("{9A19103F-16F7-4668-BE54-9A1E7A4F7556}") = "HomeMQ.DapperCore", "HomeMQ.Dapper.Core\HomeMQ.DapperCore.csproj", "{5C3E0BB5-DAE2-481D-BB5A-FFBA350E8288}"
EndProject
Project("{9A19103F-16F7-4668-BE54-9A1E7A4F7556}") = "HomeMQ.DapperTest", "HomeMQ.Dapper.Test\HomeMQ.DapperTest.csproj", "{5AC66285-6590-4302-B9B8-855A173EC52D}"
EndProject
Project("{00D1A9C2-B5F0-4AF3-8072-F6C62B433612}") = "HomeMQ.SQLProject", "HomeMQ.SQLProject\HomeMQ.SQLProject.sqlproj", "{8B18C462-9958-4F4F-9389-AB38A1B51041}"
EndProject
Project("{00D1A9C2-B5F0-4AF3-8072-F6C62B433612}") = "HomeMQ.SensorSQLProject", "HomeMQ.SensorSQLProject\HomeMQ.SensorSQLProject.sqlproj", "{DEE57D67-981E-485A-84C2-91D48E40A7DA}"
EndProject
Project("{9A19103F-16F7-4668-BE54-9A1E7A4F7556}") = "HomeMQ.SensorSQL.DataAccess", "HomeMQ.SensorSQL.DataAccess\HomeMQ.SensorSQL.DataAccess.csproj", "{F158953E-E7B4-4248-884A-E48168336CF9}"
EndProject
Project("{9A19103F-16F7-4668-BE54-9A1E7A4F7556}") = "HomeMQ.WebAppNoDb", "HomeMQ.WebAppNoDb\HomeMQ.WebAppNoDb.csproj", "{5329AA10-415A-40A0-8160-C974992FEA4B}"
EndProject
Project("{9A19103F-16F7-4668-BE54-9A1E7A4F7556}") = "HomeMQ.FirstBlazor", "HomeMQ.FirstBlazor\HomeMQ.FirstBlazor.csproj", "{6AD07C27-7AE5-4D43-AEB4-24ED1F39A654}"
EndProject
Project("{9A19103F-16F7-4668-BE54-9A1E7A4F7556}") = "HomeMQ.RabbitMQ.ConsumerTest", "HomeMQ.RabbitMQ.ConsumerTest\HomeMQ.RabbitMQ.ConsumerTest.csproj", "{8785EF6B-5003-4578-A06A-5A192F6811DA}"
EndProject
Project("{9A19103F-16F7-4668-BE54-9A1E7A4F7556}") = "HomeMQ.RabbitMQ.Consumer", "HomeMQ.RabbitMQ.Consumer\HomeMQ.RabbitMQ.Consumer.csproj", "{E80EB3B3-0F14-488C-AC6D-11ADEB119BF4}"
EndProject
Project("{9A19103F-16F7-4668-BE54-9A1E7A4F7556}") = "BaseViewModels", "..\SharedProjects\Standard\BaseViewModels\BaseViewModels.csproj", "{046694F9-93C6-4D3E-BBC6-9F07ED371645}"
EndProject
Project("{9A19103F-16F7-4668-BE54-9A1E7A4F7556}") = "NetworkDeviceModels", "..\SharedProjects\Standard\NetworkDeviceModels\NetworkDeviceModels.csproj", "{1B6D3BEF-FF83-48C6-9785-98FB4D6229EE}"
EndProject
Project("{9A19103F-16F7-4668-BE54-9A1E7A4F7556}") = "DeviceManagers", "..\SharedProjects\Standard\DeviceManagers\DeviceManagers.csproj", "{EA580C9D-D349-4424-9BE2-15ACD3AED57B}"
EndProject
Project("{9A19103F-16F7-4668-BE54-9A1E7A4F7556}") = "WPFToggleButtons", "..\SharedProjects\DotNet5Desktop\WPFToggleButtons\WPFToggleButtons.csproj", "{FEC5EB6B-9E98-470A-BE90-D7BDF7575F11}"
EndProject
Project("{9A19103F-16F7-4668-BE54-9A1E7A4F7556}") = "WiznetControllers", "..\SharedProjects\Standard\WiznetControllers\WiznetControllers.csproj", "{0082E9F2-E63C-471A-99CB-F9257658EBD2}"
EndProject
Project("{9A19103F-16F7-4668-BE54-9A1E7A4F7556}") = "WPFConverters", "..\SharedProjects\DotNet5Desktop\WPFConverters\WPFConverters.csproj", "{AFC5A030-2AAE-49B7-A310-6B0BF7ACAD9A}"
EndProject
Project("{9A19103F-16F7-4668-BE54-9A1E7A4F7556}") = "WPFMessageBox", "..\SharedProjects\Standard\WPFUserDialogs\WPFMessageBox.csproj", "{2089243D-ED33-49D8-8ACA-A52FE7E3AB7A}"
EndProject
Project("{9A19103F-16F7-4668-BE54-9A1E7A4F7556}") = "RabbitMqManagers", "..\SharedProjects\Standard\RabbitMqManagers\RabbitMqManagers.csproj", "{95CEBF4D-97AD-466D-A916-51DD88D96D76}"
EndProject
Project("{FAE04EC0-301F-11D3-BF4B-00C04F79EFBC}") = "HomeMQ.SecondBlazor", "HomeMQ.SecondBlazor\HomeMQ.SecondBlazor.csproj", "{7095CF70-7263-4B99-9773-071834EC6DCE}"
EndProject
Global
	GlobalSection(SolutionConfigurationPlatforms) = preSolution
		Debug|Any CPU = Debug|Any CPU
		Release|Any CPU = Release|Any CPU
	EndGlobalSection
	GlobalSection(ProjectConfigurationPlatforms) = postSolution
		{3E4AC0B8-2E07-45F9-ABFB-44ACBB09BAB1}.Debug|Any CPU.ActiveCfg = Debug|Any CPU
		{3E4AC0B8-2E07-45F9-ABFB-44ACBB09BAB1}.Debug|Any CPU.Build.0 = Debug|Any CPU
		{3E4AC0B8-2E07-45F9-ABFB-44ACBB09BAB1}.Release|Any CPU.ActiveCfg = Release|Any CPU
		{3E4AC0B8-2E07-45F9-ABFB-44ACBB09BAB1}.Release|Any CPU.Build.0 = Release|Any CPU
		{F1143867-04D7-4F34-986A-0FEEB37B30B4}.Debug|Any CPU.ActiveCfg = Debug|Any CPU
		{F1143867-04D7-4F34-986A-0FEEB37B30B4}.Debug|Any CPU.Build.0 = Debug|Any CPU
		{F1143867-04D7-4F34-986A-0FEEB37B30B4}.Release|Any CPU.ActiveCfg = Release|Any CPU
		{F1143867-04D7-4F34-986A-0FEEB37B30B4}.Release|Any CPU.Build.0 = Release|Any CPU
		{5FB54032-2AF7-48CA-96AB-04E90AEDBB20}.Debug|Any CPU.ActiveCfg = Debug|Any CPU
		{5FB54032-2AF7-48CA-96AB-04E90AEDBB20}.Debug|Any CPU.Build.0 = Debug|Any CPU
		{5FB54032-2AF7-48CA-96AB-04E90AEDBB20}.Release|Any CPU.ActiveCfg = Release|Any CPU
		{5FB54032-2AF7-48CA-96AB-04E90AEDBB20}.Release|Any CPU.Build.0 = Release|Any CPU
		{8D7D81C1-67DC-4D53-8972-4FF8E0C4AB1B}.Debug|Any CPU.ActiveCfg = Debug|Any CPU
		{8D7D81C1-67DC-4D53-8972-4FF8E0C4AB1B}.Debug|Any CPU.Build.0 = Debug|Any CPU
		{8D7D81C1-67DC-4D53-8972-4FF8E0C4AB1B}.Release|Any CPU.ActiveCfg = Release|Any CPU
		{8D7D81C1-67DC-4D53-8972-4FF8E0C4AB1B}.Release|Any CPU.Build.0 = Release|Any CPU
		{5733DFDC-86EB-404C-BCBF-D26E9227616C}.Debug|Any CPU.ActiveCfg = Debug|Any CPU
		{5733DFDC-86EB-404C-BCBF-D26E9227616C}.Debug|Any CPU.Build.0 = Debug|Any CPU
		{5733DFDC-86EB-404C-BCBF-D26E9227616C}.Release|Any CPU.ActiveCfg = Release|Any CPU
		{5733DFDC-86EB-404C-BCBF-D26E9227616C}.Release|Any CPU.Build.0 = Release|Any CPU
		{15D6B330-0923-46FE-BD7F-8A06B3722595}.Debug|Any CPU.ActiveCfg = Debug|Any CPU
		{15D6B330-0923-46FE-BD7F-8A06B3722595}.Debug|Any CPU.Build.0 = Debug|Any CPU
		{15D6B330-0923-46FE-BD7F-8A06B3722595}.Release|Any CPU.ActiveCfg = Release|Any CPU
		{15D6B330-0923-46FE-BD7F-8A06B3722595}.Release|Any CPU.Build.0 = Release|Any CPU
		{B31FF868-4314-4130-809B-1DEBB18CE5EB}.Debug|Any CPU.ActiveCfg = Debug|Any CPU
		{B31FF868-4314-4130-809B-1DEBB18CE5EB}.Debug|Any CPU.Build.0 = Debug|Any CPU
		{B31FF868-4314-4130-809B-1DEBB18CE5EB}.Release|Any CPU.ActiveCfg = Release|Any CPU
		{B31FF868-4314-4130-809B-1DEBB18CE5EB}.Release|Any CPU.Build.0 = Release|Any CPU
		{AC9D750A-8FC7-4CD1-BAF5-B0024C45D3C5}.Debug|Any CPU.ActiveCfg = Debug|Any CPU
		{AC9D750A-8FC7-4CD1-BAF5-B0024C45D3C5}.Debug|Any CPU.Build.0 = Debug|Any CPU
		{AC9D750A-8FC7-4CD1-BAF5-B0024C45D3C5}.Release|Any CPU.ActiveCfg = Release|Any CPU
		{AC9D750A-8FC7-4CD1-BAF5-B0024C45D3C5}.Release|Any CPU.Build.0 = Release|Any CPU
		{FC57E498-E831-460C-9501-4736D04F9D76}.Debug|Any CPU.ActiveCfg = Debug|Any CPU
		{FC57E498-E831-460C-9501-4736D04F9D76}.Debug|Any CPU.Build.0 = Debug|Any CPU
		{FC57E498-E831-460C-9501-4736D04F9D76}.Release|Any CPU.ActiveCfg = Release|Any CPU
		{FC57E498-E831-460C-9501-4736D04F9D76}.Release|Any CPU.Build.0 = Release|Any CPU
		{9ECABBB2-9575-4898-B85C-AFADF787CE9C}.Debug|Any CPU.ActiveCfg = Debug|Any CPU
		{9ECABBB2-9575-4898-B85C-AFADF787CE9C}.Debug|Any CPU.Build.0 = Debug|Any CPU
		{9ECABBB2-9575-4898-B85C-AFADF787CE9C}.Release|Any CPU.ActiveCfg = Release|Any CPU
		{9ECABBB2-9575-4898-B85C-AFADF787CE9C}.Release|Any CPU.Build.0 = Release|Any CPU
		{5C3E0BB5-DAE2-481D-BB5A-FFBA350E8288}.Debug|Any CPU.ActiveCfg = Debug|Any CPU
		{5C3E0BB5-DAE2-481D-BB5A-FFBA350E8288}.Debug|Any CPU.Build.0 = Debug|Any CPU
		{5C3E0BB5-DAE2-481D-BB5A-FFBA350E8288}.Release|Any CPU.ActiveCfg = Release|Any CPU
		{5C3E0BB5-DAE2-481D-BB5A-FFBA350E8288}.Release|Any CPU.Build.0 = Release|Any CPU
		{5AC66285-6590-4302-B9B8-855A173EC52D}.Debug|Any CPU.ActiveCfg = Debug|Any CPU
		{5AC66285-6590-4302-B9B8-855A173EC52D}.Debug|Any CPU.Build.0 = Debug|Any CPU
		{5AC66285-6590-4302-B9B8-855A173EC52D}.Release|Any CPU.ActiveCfg = Release|Any CPU
		{5AC66285-6590-4302-B9B8-855A173EC52D}.Release|Any CPU.Build.0 = Release|Any CPU
		{8B18C462-9958-4F4F-9389-AB38A1B51041}.Debug|Any CPU.ActiveCfg = Debug|Any CPU
		{8B18C462-9958-4F4F-9389-AB38A1B51041}.Debug|Any CPU.Build.0 = Debug|Any CPU
		{8B18C462-9958-4F4F-9389-AB38A1B51041}.Debug|Any CPU.Deploy.0 = Debug|Any CPU
		{8B18C462-9958-4F4F-9389-AB38A1B51041}.Release|Any CPU.ActiveCfg = Release|Any CPU
		{8B18C462-9958-4F4F-9389-AB38A1B51041}.Release|Any CPU.Build.0 = Release|Any CPU
		{8B18C462-9958-4F4F-9389-AB38A1B51041}.Release|Any CPU.Deploy.0 = Release|Any CPU
		{DEE57D67-981E-485A-84C2-91D48E40A7DA}.Debug|Any CPU.ActiveCfg = Debug|Any CPU
		{DEE57D67-981E-485A-84C2-91D48E40A7DA}.Debug|Any CPU.Build.0 = Debug|Any CPU
		{DEE57D67-981E-485A-84C2-91D48E40A7DA}.Debug|Any CPU.Deploy.0 = Debug|Any CPU
		{DEE57D67-981E-485A-84C2-91D48E40A7DA}.Release|Any CPU.ActiveCfg = Release|Any CPU
		{DEE57D67-981E-485A-84C2-91D48E40A7DA}.Release|Any CPU.Build.0 = Release|Any CPU
		{DEE57D67-981E-485A-84C2-91D48E40A7DA}.Release|Any CPU.Deploy.0 = Release|Any CPU
		{F158953E-E7B4-4248-884A-E48168336CF9}.Debug|Any CPU.ActiveCfg = Debug|Any CPU
		{F158953E-E7B4-4248-884A-E48168336CF9}.Debug|Any CPU.Build.0 = Debug|Any CPU
		{F158953E-E7B4-4248-884A-E48168336CF9}.Release|Any CPU.ActiveCfg = Release|Any CPU
		{F158953E-E7B4-4248-884A-E48168336CF9}.Release|Any CPU.Build.0 = Release|Any CPU
		{5329AA10-415A-40A0-8160-C974992FEA4B}.Debug|Any CPU.ActiveCfg = Debug|Any CPU
		{5329AA10-415A-40A0-8160-C974992FEA4B}.Debug|Any CPU.Build.0 = Debug|Any CPU
		{5329AA10-415A-40A0-8160-C974992FEA4B}.Release|Any CPU.ActiveCfg = Release|Any CPU
		{5329AA10-415A-40A0-8160-C974992FEA4B}.Release|Any CPU.Build.0 = Release|Any CPU
		{6AD07C27-7AE5-4D43-AEB4-24ED1F39A654}.Debug|Any CPU.ActiveCfg = Debug|Any CPU
		{6AD07C27-7AE5-4D43-AEB4-24ED1F39A654}.Debug|Any CPU.Build.0 = Debug|Any CPU
		{6AD07C27-7AE5-4D43-AEB4-24ED1F39A654}.Release|Any CPU.ActiveCfg = Release|Any CPU
		{6AD07C27-7AE5-4D43-AEB4-24ED1F39A654}.Release|Any CPU.Build.0 = Release|Any CPU
		{8785EF6B-5003-4578-A06A-5A192F6811DA}.Debug|Any CPU.ActiveCfg = Debug|Any CPU
		{8785EF6B-5003-4578-A06A-5A192F6811DA}.Debug|Any CPU.Build.0 = Debug|Any CPU
		{8785EF6B-5003-4578-A06A-5A192F6811DA}.Release|Any CPU.ActiveCfg = Release|Any CPU
		{8785EF6B-5003-4578-A06A-5A192F6811DA}.Release|Any CPU.Build.0 = Release|Any CPU
		{E80EB3B3-0F14-488C-AC6D-11ADEB119BF4}.Debug|Any CPU.ActiveCfg = Debug|Any CPU
		{E80EB3B3-0F14-488C-AC6D-11ADEB119BF4}.Debug|Any CPU.Build.0 = Debug|Any CPU
		{E80EB3B3-0F14-488C-AC6D-11ADEB119BF4}.Release|Any CPU.ActiveCfg = Release|Any CPU
		{E80EB3B3-0F14-488C-AC6D-11ADEB119BF4}.Release|Any CPU.Build.0 = Release|Any CPU
		{046694F9-93C6-4D3E-BBC6-9F07ED371645}.Debug|Any CPU.ActiveCfg = Debug|Any CPU
		{046694F9-93C6-4D3E-BBC6-9F07ED371645}.Debug|Any CPU.Build.0 = Debug|Any CPU
		{046694F9-93C6-4D3E-BBC6-9F07ED371645}.Release|Any CPU.ActiveCfg = Release|Any CPU
		{046694F9-93C6-4D3E-BBC6-9F07ED371645}.Release|Any CPU.Build.0 = Release|Any CPU
		{1B6D3BEF-FF83-48C6-9785-98FB4D6229EE}.Debug|Any CPU.ActiveCfg = Debug|Any CPU
		{1B6D3BEF-FF83-48C6-9785-98FB4D6229EE}.Debug|Any CPU.Build.0 = Debug|Any CPU
		{1B6D3BEF-FF83-48C6-9785-98FB4D6229EE}.Release|Any CPU.ActiveCfg = Release|Any CPU
		{1B6D3BEF-FF83-48C6-9785-98FB4D6229EE}.Release|Any CPU.Build.0 = Release|Any CPU
		{EA580C9D-D349-4424-9BE2-15ACD3AED57B}.Debug|Any CPU.ActiveCfg = Debug|Any CPU
		{EA580C9D-D349-4424-9BE2-15ACD3AED57B}.Debug|Any CPU.Build.0 = Debug|Any CPU
		{EA580C9D-D349-4424-9BE2-15ACD3AED57B}.Release|Any CPU.ActiveCfg = Release|Any CPU
		{EA580C9D-D349-4424-9BE2-15ACD3AED57B}.Release|Any CPU.Build.0 = Release|Any CPU
		{FEC5EB6B-9E98-470A-BE90-D7BDF7575F11}.Debug|Any CPU.ActiveCfg = Debug|Any CPU
		{FEC5EB6B-9E98-470A-BE90-D7BDF7575F11}.Debug|Any CPU.Build.0 = Debug|Any CPU
		{FEC5EB6B-9E98-470A-BE90-D7BDF7575F11}.Release|Any CPU.ActiveCfg = Release|Any CPU
		{FEC5EB6B-9E98-470A-BE90-D7BDF7575F11}.Release|Any CPU.Build.0 = Release|Any CPU
		{0082E9F2-E63C-471A-99CB-F9257658EBD2}.Debug|Any CPU.ActiveCfg = Debug|Any CPU
		{0082E9F2-E63C-471A-99CB-F9257658EBD2}.Debug|Any CPU.Build.0 = Debug|Any CPU
		{0082E9F2-E63C-471A-99CB-F9257658EBD2}.Release|Any CPU.ActiveCfg = Release|Any CPU
		{0082E9F2-E63C-471A-99CB-F9257658EBD2}.Release|Any CPU.Build.0 = Release|Any CPU
		{AFC5A030-2AAE-49B7-A310-6B0BF7ACAD9A}.Debug|Any CPU.ActiveCfg = Debug|Any CPU
		{AFC5A030-2AAE-49B7-A310-6B0BF7ACAD9A}.Debug|Any CPU.Build.0 = Debug|Any CPU
		{AFC5A030-2AAE-49B7-A310-6B0BF7ACAD9A}.Release|Any CPU.ActiveCfg = Release|Any CPU
		{AFC5A030-2AAE-49B7-A310-6B0BF7ACAD9A}.Release|Any CPU.Build.0 = Release|Any CPU
		{2089243D-ED33-49D8-8ACA-A52FE7E3AB7A}.Debug|Any CPU.ActiveCfg = Debug|Any CPU
		{2089243D-ED33-49D8-8ACA-A52FE7E3AB7A}.Debug|Any CPU.Build.0 = Debug|Any CPU
		{2089243D-ED33-49D8-8ACA-A52FE7E3AB7A}.Release|Any CPU.ActiveCfg = Release|Any CPU
		{2089243D-ED33-49D8-8ACA-A52FE7E3AB7A}.Release|Any CPU.Build.0 = Release|Any CPU
		{95CEBF4D-97AD-466D-A916-51DD88D96D76}.Debug|Any CPU.ActiveCfg = Debug|Any CPU
		{95CEBF4D-97AD-466D-A916-51DD88D96D76}.Debug|Any CPU.Build.0 = Debug|Any CPU
		{95CEBF4D-97AD-466D-A916-51DD88D96D76}.Release|Any CPU.ActiveCfg = Release|Any CPU
		{95CEBF4D-97AD-466D-A916-51DD88D96D76}.Release|Any CPU.Build.0 = Release|Any CPU
		{7095CF70-7263-4B99-9773-071834EC6DCE}.Debug|Any CPU.ActiveCfg = Debug|Any CPU
		{7095CF70-7263-4B99-9773-071834EC6DCE}.Debug|Any CPU.Build.0 = Debug|Any CPU
		{7095CF70-7263-4B99-9773-071834EC6DCE}.Release|Any CPU.ActiveCfg = Release|Any CPU
		{7095CF70-7263-4B99-9773-071834EC6DCE}.Release|Any CPU.Build.0 = Release|Any CPU
	EndGlobalSection
	GlobalSection(SolutionProperties) = preSolution
		HideSolutionNode = FALSE
	EndGlobalSection
	GlobalSection(ExtensibilityGlobals) = postSolution
		SolutionGuid = {7BE26C0C-9C02-465E-8B40-354DCC1FD507}
	EndGlobalSection
EndGlobal
